
Microsoft Visual Studio Solution File, Format Version 12.00
# Visual Studio Version 17
VisualStudioVersion = 17.8.34408.163
MinimumVisualStudioVersion = 10.0.40219.1
Project("{FAE04EC0-301F-11D3-BF4B-00C04F79EFBC}") = "Mission11_McGuire", "IS 413 - Mission 11\Mission11_McGuire.csproj", "{2009D3BA-6D94-4B59-8AA3-B20B7A707297}"
EndProject
Global
	GlobalSection(SolutionConfigurationPlatforms) = preSolution
		Debug|Any CPU = Debug|Any CPU
		Release|Any CPU = Release|Any CPU
	EndGlobalSection
	GlobalSection(ProjectConfigurationPlatforms) = postSolution
		{2009D3BA-6D94-4B59-8AA3-B20B7A707297}.Debug|Any CPU.ActiveCfg = Debug|Any CPU
		{2009D3BA-6D94-4B59-8AA3-B20B7A707297}.Debug|Any CPU.Build.0 = Debug|Any CPU
		{2009D3BA-6D94-4B59-8AA3-B20B7A707297}.Release|Any CPU.ActiveCfg = Release|Any CPU
		{2009D3BA-6D94-4B59-8AA3-B20B7A707297}.Release|Any CPU.Build.0 = Release|Any CPU
	EndGlobalSection
	GlobalSection(SolutionProperties) = preSolution
		HideSolutionNode = FALSE
	EndGlobalSection
	GlobalSection(ExtensibilityGlobals) = postSolution
		SolutionGuid = {B630E22A-BDFC-4E75-89C6-D0D321815238}
	EndGlobalSection
EndGlobal
